// !$*UTF8*$!
{
	archiveVersion = 1;
	classes = {
	};
	objectVersion = 77;
	objects = {

/* Begin PBXBuildFile section */
		A10000000000000000000062 /* TubeTrackCore in Frameworks */ = {isa = PBXBuildFile; productRef = A10000000000000000000061 /* TubeTrackCore */; };
		A10000000000000000000064 /* TubeTrackCore in Frameworks */ = {isa = PBXBuildFile; productRef = A10000000000000000000063 /* TubeTrackCore */; };
		A10000000000000000000066 /* TubeTrackCore in Frameworks */ = {isa = PBXBuildFile; productRef = A10000000000000000000065 /* TubeTrackCore */; };
		A10000000000000000000073 /* TubeTrackWidgets.appex in Embed Foundation Extensions */ = {isa = PBXBuildFile; fileRef = A10000000000000000000070 /* TubeTrackWidgets.appex */; settings = {ATTRIBUTES = (RemoveHeadersOnCopy, ); }; };
		A100000000000000000000A8 /* TubeTrackWatchWidgets.appex in Embed Foundation Extensions */ = {isa = PBXBuildFile; fileRef = A10000000000000000000091 /* TubeTrackWatchWidgets.appex */; settings = {ATTRIBUTES = (RemoveHeadersOnCopy, ); }; };
		A100000000000000000000AD /* TubeTrackWatch.app in Embed Watch Content */ = {isa = PBXBuildFile; fileRef = A10000000000000000000090 /* TubeTrackWatch.app */; settings = {ATTRIBUTES = (RemoveHeadersOnCopy, ); }; };
		A100000000000000000000B0 /* TubeTrackCore in Frameworks */ = {isa = PBXBuildFile; productRef = A100000000000000000000AE /* TubeTrackCore */; };
		A100000000000000000000B1 /* TubeTrackCore in Frameworks */ = {isa = PBXBuildFile; productRef = A100000000000000000000AF /* TubeTrackCore */; };
		E71A7624304B0DA800EA021F /* GameCenterResources.gamekit in Resources */ = {isa = PBXBuildFile; fileRef = E71A7623304B0DA800EA021F /* GameCenterResources.gamekit */; };
/* End PBXBuildFile section */

/* Begin PBXContainerItemProxy section */
		A10000000000000000000031 /* PBXContainerItemProxy */ = {
			isa = PBXContainerItemProxy;
			containerPortal = A10000000000000000000001 /* Project object */;
			proxyType = 1;
			remoteGlobalIDString = A10000000000000000000010;
			remoteInfo = TubeTrackUK;
		};
		A10000000000000000000075 /* PBXContainerItemProxy */ = {
			isa = PBXContainerItemProxy;
			containerPortal = A10000000000000000000001 /* Project object */;
			proxyType = 1;
			remoteGlobalIDString = A10000000000000000000071;
			remoteInfo = TubeTrackWidgets;
		};
		A100000000000000000000B4 /* PBXContainerItemProxy */ = {
			isa = PBXContainerItemProxy;
			containerPortal = A10000000000000000000001 /* Project object */;
			proxyType = 1;
			remoteGlobalIDString = A10000000000000000000096;
			remoteInfo = TubeTrackWatchWidgets;
		};
		A100000000000000000000B5 /* PBXContainerItemProxy */ = {
			isa = PBXContainerItemProxy;
			containerPortal = A10000000000000000000001 /* Project object */;
			proxyType = 1;
			remoteGlobalIDString = A10000000000000000000095;
			remoteInfo = TubeTrackWatch;
		};
/* End PBXContainerItemProxy section */

/* Begin PBXCopyFilesBuildPhase section */
		A10000000000000000000072 /* Embed Foundation Extensions */ = {
			isa = PBXCopyFilesBuildPhase;
			buildActionMask = 2147483647;
			dstPath = "";
			dstSubfolderSpec = 13;
			files = (
				A10000000000000000000073 /* TubeTrackWidgets.appex in Embed Foundation Extensions */,
			);
			name = "Embed Foundation Extensions";
			runOnlyForDeploymentPostprocessing = 0;
		};
		A100000000000000000000A7 /* Embed Foundation Extensions */ = {
			isa = PBXCopyFilesBuildPhase;
			buildActionMask = 2147483647;
			dstPath = "";
			dstSubfolderSpec = 13;
			files = (
				A100000000000000000000A8 /* TubeTrackWatchWidgets.appex in Embed Foundation Extensions */,
			);
			name = "Embed Foundation Extensions";
			runOnlyForDeploymentPostprocessing = 0;
		};
		A100000000000000000000AC /* Embed Watch Content */ = {
			isa = PBXCopyFilesBuildPhase;
			buildActionMask = 2147483647;
			dstPath = "$(CONTENTS_FOLDER_PATH)/Watch";
			dstSubfolderSpec = 16;
			files = (
				A100000000000000000000AD /* TubeTrackWatch.app in Embed Watch Content */,
			);
			name = "Embed Watch Content";
			runOnlyForDeploymentPostprocessing = 0;
		};
/* End PBXCopyFilesBuildPhase section */

/* Begin PBXFileReference section */
		A10000000000000000000002 /* TubeTrackUK.app */ = {isa = PBXFileReference; explicitFileType = wrapper.application; includeInIndex = 0; path = TubeTrackUK.app; sourceTree = BUILT_PRODUCTS_DIR; };
		A10000000000000000000003 /* TubeTrackUKTests.xctest */ = {isa = PBXFileReference; explicitFileType = wrapper.cfbundle; includeInIndex = 0; path = TubeTrackUKTests.xctest; sourceTree = BUILT_PRODUCTS_DIR; };
		A10000000000000000000040 /* Shared.xcconfig */ = {isa = PBXFileReference; lastKnownFileType = text.xcconfig; path = Shared.xcconfig; sourceTree = "<group>"; };
		A10000000000000000000070 /* TubeTrackWidgets.appex */ = {isa = PBXFileReference; explicitFileType = "wrapper.app-extension"; includeInIndex = 0; path = TubeTrackWidgets.appex; sourceTree = BUILT_PRODUCTS_DIR; };
		A10000000000000000000090 /* TubeTrackWatch.app */ = {isa = PBXFileReference; explicitFileType = wrapper.application; includeInIndex = 0; path = TubeTrackWatch.app; sourceTree = BUILT_PRODUCTS_DIR; };
		A10000000000000000000091 /* TubeTrackWatchWidgets.appex */ = {isa = PBXFileReference; explicitFileType = "wrapper.app-extension"; includeInIndex = 0; path = TubeTrackWatchWidgets.appex; sourceTree = BUILT_PRODUCTS_DIR; };
		E71A7623304B0DA800EA021F /* GameCenterResources.gamekit */ = {isa = PBXFileReference; lastKnownFileType = wrapper; path = GameCenterResources.gamekit; sourceTree = "<group>"; };
/* End PBXFileReference section */

/* Begin PBXFileSystemSynchronizedBuildFileExceptionSet section */
		A10000000000000000000079 /* Exceptions for "TubeTrackWidgets" folder in "TubeTrackWidgets" target */ = {
			isa = PBXFileSystemSynchronizedBuildFileExceptionSet;
			membershipExceptions = (
				Info.plist,
			);
			target = A10000000000000000000071 /* TubeTrackWidgets */;
		};
		A100000000000000000000B6 /* Exceptions for "TubeTrackWatch" folder in "TubeTrackWatch" target */ = {
			isa = PBXFileSystemSynchronizedBuildFileExceptionSet;
			membershipExceptions = (
				Info.plist,
			);
			target = A10000000000000000000095 /* TubeTrackWatch */;
		};
		A100000000000000000000B7 /* Exceptions for "TubeTrackWatchWidgets" folder in "TubeTrackWatchWidgets" target */ = {
			isa = PBXFileSystemSynchronizedBuildFileExceptionSet;
			membershipExceptions = (
				Info.plist,
			);
			target = A10000000000000000000096 /* TubeTrackWatchWidgets */;
		};
/* End PBXFileSystemSynchronizedBuildFileExceptionSet section */

/* Begin PBXFileSystemSynchronizedRootGroup section */
		A10000000000000000000004 /* TubeTrackUK */ = {
			isa = PBXFileSystemSynchronizedRootGroup;
			path = TubeTrackUK;
			sourceTree = "<group>";
		};
		A10000000000000000000005 /* TubeTrackUKTests */ = {
			isa = PBXFileSystemSynchronizedRootGroup;
			path = TubeTrackUKTests;
			sourceTree = "<group>";
		};
		A10000000000000000000074 /* TubeTrackWidgets */ = {
			isa = PBXFileSystemSynchronizedRootGroup;
			exceptions = (
				A10000000000000000000079 /* Exceptions for "TubeTrackWidgets" folder in "TubeTrackWidgets" target */,
			);
			path = TubeTrackWidgets;
			sourceTree = "<group>";
		};
		A10000000000000000000080 /* TubeTrackIntents */ = {
			isa = PBXFileSystemSynchronizedRootGroup;
			path = TubeTrackIntents;
			sourceTree = "<group>";
		};
		A10000000000000000000092 /* TubeTrackWatch */ = {
			isa = PBXFileSystemSynchronizedRootGroup;
			exceptions = (
				A100000000000000000000B6 /* Exceptions for "TubeTrackWatch" folder in "TubeTrackWatch" target */,
			);
			path = TubeTrackWatch;
			sourceTree = "<group>";
		};
		A10000000000000000000093 /* TubeTrackWatchWidgets */ = {
			isa = PBXFileSystemSynchronizedRootGroup;
			exceptions = (
				A100000000000000000000B7 /* Exceptions for "TubeTrackWatchWidgets" folder in "TubeTrackWatchWidgets" target */,
			);
			path = TubeTrackWatchWidgets;
			sourceTree = "<group>";
		};
		A10000000000000000000094 /* TubeTrackWatchShared */ = {
			isa = PBXFileSystemSynchronizedRootGroup;
			path = TubeTrackWatchShared;
			sourceTree = "<group>";
		};
/* End PBXFileSystemSynchronizedRootGroup section */

/* Begin PBXFrameworksBuildPhase section */
		A10000000000000000000011 /* Frameworks */ = {
			isa = PBXFrameworksBuildPhase;
			buildActionMask = 2147483647;
			files = (
				A10000000000000000000062 /* TubeTrackCore in Frameworks */,
			);
			runOnlyForDeploymentPostprocessing = 0;
		};
		A10000000000000000000021 /* Frameworks */ = {
			isa = PBXFrameworksBuildPhase;
			buildActionMask = 2147483647;
			files = (
				A10000000000000000000064 /* TubeTrackCore in Frameworks */,
			);
			runOnlyForDeploymentPostprocessing = 0;
		};
		A10000000000000000000076 /* Frameworks */ = {
			isa = PBXFrameworksBuildPhase;
			buildActionMask = 2147483647;
			files = (
				A10000000000000000000066 /* TubeTrackCore in Frameworks */,
			);
			runOnlyForDeploymentPostprocessing = 0;
		};
		A100000000000000000000A5 /* Frameworks */ = {
			isa = PBXFrameworksBuildPhase;
			buildActionMask = 2147483647;
			files = (
				A100000000000000000000B0 /* TubeTrackCore in Frameworks */,
			);
			runOnlyForDeploymentPostprocessing = 0;
		};
		A100000000000000000000AA /* Frameworks */ = {
			isa = PBXFrameworksBuildPhase;
			buildActionMask = 2147483647;
			files = (
				A100000000000000000000B1 /* TubeTrackCore in Frameworks */,
			);
			runOnlyForDeploymentPostprocessing = 0;
		};
/* End PBXFrameworksBuildPhase section */

/* Begin PBXGroup section */
		A10000000000000000000006 = {
			isa = PBXGroup;
			children = (
				E71A7623304B0DA800EA021F /* GameCenterResources.gamekit */,
				A10000000000000000000004 /* TubeTrackUK */,
				A10000000000000000000005 /* TubeTrackUKTests */,
				A10000000000000000000074 /* TubeTrackWidgets */,
				A10000000000000000000080 /* TubeTrackIntents */,
				A10000000000000000000092 /* TubeTrackWatch */,
				A10000000000000000000093 /* TubeTrackWatchWidgets */,
				A10000000000000000000094 /* TubeTrackWatchShared */,
				A10000000000000000000041 /* Configuration */,
				A10000000000000000000007 /* Products */,
			);
			sourceTree = "<group>";
		};
		A10000000000000000000007 /* Products */ = {
			isa = PBXGroup;
			children = (
				A10000000000000000000002 /* TubeTrackUK.app */,
				A10000000000000000000003 /* TubeTrackUKTests.xctest */,
				A10000000000000000000070 /* TubeTrackWidgets.appex */,
				A10000000000000000000090 /* TubeTrackWatch.app */,
				A10000000000000000000091 /* TubeTrackWatchWidgets.appex */,
			);
			name = Products;
			sourceTree = "<group>";
		};
		A10000000000000000000041 /* Configuration */ = {
			isa = PBXGroup;
			children = (
				A10000000000000000000040 /* Shared.xcconfig */,
			);
			path = Configuration;
			sourceTree = "<group>";
		};
/* End PBXGroup section */

/* Begin PBXNativeTarget section */
		A10000000000000000000010 /* TubeTrackUK */ = {
			isa = PBXNativeTarget;
			buildConfigurationList = A10000000000000000000018 /* Build configuration list for PBXNativeTarget "TubeTrackUK" */;
			buildPhases = (
				A10000000000000000000012 /* Sources */,
				A10000000000000000000011 /* Frameworks */,
				A10000000000000000000013 /* Resources */,
				A10000000000000000000050 /* Copy Background Images */,
				A10000000000000000000072 /* Embed Foundation Extensions */,
				A100000000000000000000AC /* Embed Watch Content */,
			);
			buildRules = (
			);
			dependencies = (
				A10000000000000000000077 /* PBXTargetDependency */,
				A100000000000000000000B3 /* PBXTargetDependency */,
			);
			fileSystemSynchronizedGroups = (
				A10000000000000000000004 /* TubeTrackUK */,
				A10000000000000000000080 /* TubeTrackIntents */,
			);
			name = TubeTrackUK;
			packageProductDependencies = (
				A10000000000000000000061 /* TubeTrackCore */,
			);
			productName = TubeTrackUK;
			productReference = A10000000000000000000002 /* TubeTrackUK.app */;
			productType = "com.apple.product-type.application";
		};
		A10000000000000000000020 /* TubeTrackUKTests */ = {
			isa = PBXNativeTarget;
			buildConfigurationList = A10000000000000000000028 /* Build configuration list for PBXNativeTarget "TubeTrackUKTests" */;
			buildPhases = (
				A10000000000000000000022 /* Sources */,
				A10000000000000000000021 /* Frameworks */,
				A10000000000000000000023 /* Resources */,
			);
			buildRules = (
			);
			dependencies = (
				A10000000000000000000030 /* PBXTargetDependency */,
			);
			fileSystemSynchronizedGroups = (
				A10000000000000000000005 /* TubeTrackUKTests */,
			);
			name = TubeTrackUKTests;
			packageProductDependencies = (
				A10000000000000000000063 /* TubeTrackCore */,
			);
			productName = TubeTrackUKTests;
			productReference = A10000000000000000000003 /* TubeTrackUKTests.xctest */;
			productType = "com.apple.product-type.bundle.unit-test";
		};
		A10000000000000000000071 /* TubeTrackWidgets */ = {
			isa = PBXNativeTarget;
			buildConfigurationList = A1000000000000000000007A /* Build configuration list for PBXNativeTarget "TubeTrackWidgets" */;
			buildPhases = (
				A10000000000000000000078 /* Sources */,
				A10000000000000000000076 /* Frameworks */,
				A1000000000000000000007D /* Resources */,
			);
			buildRules = (
			);
			dependencies = (
			);
			fileSystemSynchronizedGroups = (
				A10000000000000000000074 /* TubeTrackWidgets */,
				A10000000000000000000080 /* TubeTrackIntents */,
			);
			name = TubeTrackWidgets;
			packageProductDependencies = (
				A10000000000000000000065 /* TubeTrackCore */,
			);
			productName = TubeTrackWidgets;
			productReference = A10000000000000000000070 /* TubeTrackWidgets.appex */;
			productType = "com.apple.product-type.app-extension";
		};
		A10000000000000000000095 /* TubeTrackWatch */ = {
			isa = PBXNativeTarget;
			buildConfigurationList = A10000000000000000000097 /* Build configuration list for PBXNativeTarget "TubeTrackWatch" */;
			buildPhases = (
				A100000000000000000000A4 /* Sources */,
				A100000000000000000000A5 /* Frameworks */,
				A100000000000000000000A6 /* Resources */,
				A100000000000000000000A7 /* Embed Foundation Extensions */,
			);
			buildRules = (
			);
			dependencies = (
				A100000000000000000000B2 /* PBXTargetDependency */,
			);
			fileSystemSynchronizedGroups = (
				A10000000000000000000092 /* TubeTrackWatch */,
				A10000000000000000000094 /* TubeTrackWatchShared */,
			);
			name = TubeTrackWatch;
			packageProductDependencies = (
				A100000000000000000000AE /* TubeTrackCore */,
			);
			productName = TubeTrackWatch;
			productReference = A10000000000000000000090 /* TubeTrackWatch.app */;
			productType = "com.apple.product-type.application";
		};
		A10000000000000000000096 /* TubeTrackWatchWidgets */ = {
			isa = PBXNativeTarget;
			buildConfigurationList = A10000000000000000000098 /* Build configuration list for PBXNativeTarget "TubeTrackWatchWidgets" */;
			buildPhases = (
				A100000000000000000000A9 /* Sources */,
				A100000000000000000000AA /* Frameworks */,
				A100000000000000000000AB /* Resources */,
			);
			buildRules = (
			);
			dependencies = (
			);
			fileSystemSynchronizedGroups = (
				A10000000000000000000093 /* TubeTrackWatchWidgets */,
				A10000000000000000000094 /* TubeTrackWatchShared */,
			);
			name = TubeTrackWatchWidgets;
			packageProductDependencies = (
				A100000000000000000000AF /* TubeTrackCore */,
			);
			productName = TubeTrackWatchWidgets;
			productReference = A10000000000000000000091 /* TubeTrackWatchWidgets.appex */;
			productType = "com.apple.product-type.app-extension";
		};
/* End PBXNativeTarget section */

/* Begin PBXProject section */
		A10000000000000000000001 /* Project object */ = {
			isa = PBXProject;
			attributes = {
				BuildIndependentTargetsInParallel = 1;
				LastSwiftUpdateCheck = 2660;
				LastUpgradeCheck = 2660;
				TargetAttributes = {
					A10000000000000000000010 = {
						CreatedOnToolsVersion = 26.0;
						SystemCapabilities = {
							com.apple.GameCenter = {
								enabled = 1;
							};
						};
					};
					A10000000000000000000020 = {
						CreatedOnToolsVersion = 26.0;
						TestTargetID = A10000000000000000000010;
					};
					A10000000000000000000071 = {
						CreatedOnToolsVersion = 26.6;
					};
					A10000000000000000000095 = {
						CreatedOnToolsVersion = 26.6;
						SystemCapabilities = {
							com.apple.GameCenter = {
								enabled = 1;
							};
						};
					};
					A10000000000000000000096 = {
						CreatedOnToolsVersion = 26.6;
					};
				};
			};
			buildConfigurationList = A10000000000000000000008 /* Build configuration list for PBXProject "TubeTrackUK" */;
			developmentRegion = en;
			hasScannedForEncodings = 0;
			knownRegions = (
				en,
				Base,
			);
			mainGroup = A10000000000000000000006;
			minimizedProjectReferenceProxies = 1;
			packageReferences = (
				A10000000000000000000060 /* XCLocalSwiftPackageReference "TubeTrackCore" */,
			);
			preferredProjectObjectVersion = 77;
			productRefGroup = A10000000000000000000007 /* Products */;
			projectDirPath = "";
			projectRoot = "";
			targets = (
				A10000000000000000000010 /* TubeTrackUK */,
				A10000000000000000000020 /* TubeTrackUKTests */,
				A10000000000000000000071 /* TubeTrackWidgets */,
				A10000000000000000000095 /* TubeTrackWatch */,
				A10000000000000000000096 /* TubeTrackWatchWidgets */,
			);
		};
/* End PBXProject section */

/* Begin PBXResourcesBuildPhase section */
		A10000000000000000000013 /* Resources */ = {
			isa = PBXResourcesBuildPhase;
			buildActionMask = 2147483647;
			files = (
				E71A7624304B0DA800EA021F /* GameCenterResources.gamekit in Resources */,
			);
			runOnlyForDeploymentPostprocessing = 0;
		};
		A10000000000000000000023 /* Resources */ = {
			isa = PBXResourcesBuildPhase;
			buildActionMask = 2147483647;
			files = (
			);
			runOnlyForDeploymentPostprocessing = 0;
		};
		A1000000000000000000007D /* Resources */ = {
			isa = PBXResourcesBuildPhase;
			buildActionMask = 2147483647;
			files = (
			);
			runOnlyForDeploymentPostprocessing = 0;
		};
		A100000000000000000000A6 /* Resources */ = {
			isa = PBXResourcesBuildPhase;
			buildActionMask = 2147483647;
			files = (
			);
			runOnlyForDeploymentPostprocessing = 0;
		};
		A100000000000000000000AB /* Resources */ = {
			isa = PBXResourcesBuildPhase;
			buildActionMask = 2147483647;
			files = (
			);
			runOnlyForDeploymentPostprocessing = 0;
		};
/* End PBXResourcesBuildPhase section */

/* Begin PBXShellScriptBuildPhase section */
		A10000000000000000000050 /* Copy Background Images */ = {
			isa = PBXShellScriptBuildPhase;
			alwaysOutOfDate = 1;
			buildActionMask = 2147483647;
			files = (
			);
			inputPaths = (
				"$(SRCROOT)/TubeTrackUK/Images",
				"$(SRCROOT)/Tools/copy_background_images.zsh",
			);
			name = "Copy Background Images";
			outputPaths = (
				"$(TARGET_BUILD_DIR)/$(UNLOCALIZED_RESOURCES_FOLDER_PATH)/BackgroundImages/manifest.txt",
			);
			runOnlyForDeploymentPostprocessing = 0;
			shellPath = /bin/zsh;
			shellScript = "/bin/zsh \"$SRCROOT/Tools/copy_background_images.zsh\" \"$SRCROOT/TubeTrackUK/Images\" \"$TARGET_BUILD_DIR/$UNLOCALIZED_RESOURCES_FOLDER_PATH/BackgroundImages\" \"$DERIVED_FILE_DIR/OptimizedBackgroundImages-2560-q78\"\n";
			showEnvVarsInLog = 0;
		};
/* End PBXShellScriptBuildPhase section */

/* Begin PBXSourcesBuildPhase section */
		A10000000000000000000012 /* Sources */ = {
			isa = PBXSourcesBuildPhase;
			buildActionMask = 2147483647;
			files = (
			);
			runOnlyForDeploymentPostprocessing = 0;
		};
		A10000000000000000000022 /* Sources */ = {
			isa = PBXSourcesBuildPhase;
			buildActionMask = 2147483647;
			files = (
			);
			runOnlyForDeploymentPostprocessing = 0;
		};
		A10000000000000000000078 /* Sources */ = {
			isa = PBXSourcesBuildPhase;
			buildActionMask = 2147483647;
			files = (
			);
			runOnlyForDeploymentPostprocessing = 0;
		};
		A100000000000000000000A4 /* Sources */ = {
			isa = PBXSourcesBuildPhase;
			buildActionMask = 2147483647;
			files = (
			);
			runOnlyForDeploymentPostprocessing = 0;
		};
		A100000000000000000000A9 /* Sources */ = {
			isa = PBXSourcesBuildPhase;
			buildActionMask = 2147483647;
			files = (
			);
			runOnlyForDeploymentPostprocessing = 0;
		};
/* End PBXSourcesBuildPhase section */

/* Begin PBXTargetDependency section */
		A10000000000000000000030 /* PBXTargetDependency */ = {
			isa = PBXTargetDependency;
			target = A10000000000000000000010 /* TubeTrackUK */;
			targetProxy = A10000000000000000000031 /* PBXContainerItemProxy */;
		};
		A10000000000000000000077 /* PBXTargetDependency */ = {
			isa = PBXTargetDependency;
			target = A10000000000000000000071 /* TubeTrackWidgets */;
			targetProxy = A10000000000000000000075 /* PBXContainerItemProxy */;
		};
		A100000000000000000000B2 /* PBXTargetDependency */ = {
			isa = PBXTargetDependency;
			target = A10000000000000000000096 /* TubeTrackWatchWidgets */;
			targetProxy = A100000000000000000000B4 /* PBXContainerItemProxy */;
		};
		A100000000000000000000B3 /* PBXTargetDependency */ = {
			isa = PBXTargetDependency;
			target = A10000000000000000000095 /* TubeTrackWatch */;
			targetProxy = A100000000000000000000B5 /* PBXContainerItemProxy */;
		};
/* End PBXTargetDependency section */

/* Begin XCBuildConfiguration section */
		A10000000000000000000009 /* Debug */ = {
			isa = XCBuildConfiguration;
			buildSettings = {
				ALWAYS_SEARCH_USER_PATHS = NO;
				CLANG_ENABLE_MODULES = YES;
				COPY_PHASE_STRIP = NO;
				DEBUG_INFORMATION_FORMAT = dwarf;
				ENABLE_TESTABILITY = YES;
				GCC_C_LANGUAGE_STANDARD = gnu17;
				IPHONEOS_DEPLOYMENT_TARGET = 26.0;
				SDKROOT = iphoneos;
				SWIFT_ACTIVE_COMPILATION_CONDITIONS = "DEBUG $(inherited)";
				SWIFT_OPTIMIZATION_LEVEL = "-Onone";
			};
			name = Debug;
		};
		A1000000000000000000000A /* Release */ = {
			isa = XCBuildConfiguration;
			buildSettings = {
				ALWAYS_SEARCH_USER_PATHS = NO;
				CLANG_ENABLE_MODULES = YES;
				COPY_PHASE_STRIP = NO;
				DEBUG_INFORMATION_FORMAT = "dwarf-with-dsym";
				ENABLE_NS_ASSERTIONS = NO;
				GCC_C_LANGUAGE_STANDARD = gnu17;
				IPHONEOS_DEPLOYMENT_TARGET = 26.0;
				SDKROOT = iphoneos;
				SWIFT_COMPILATION_MODE = wholemodule;
				VALIDATE_PRODUCT = YES;
			};
			name = Release;
		};
		A10000000000000000000019 /* Debug */ = {
			isa = XCBuildConfiguration;
			baseConfigurationReference = A10000000000000000000040 /* Shared.xcconfig */;
			buildSettings = {
				ASSETCATALOG_COMPILER_APPICON_NAME = AppIcon;
				ASSETCATALOG_COMPILER_GLOBAL_ACCENT_COLOR_NAME = AccentColor;
				CODE_SIGN_ENTITLEMENTS = TubeTrackUK/TubeTrackUK.entitlements;
				CODE_SIGN_STYLE = Automatic;
				CURRENT_PROJECT_VERSION = 7;
				DEVELOPMENT_TEAM = SJ8X4DLAN9;
				ENABLE_PREVIEWS = YES;
				GENERATE_INFOPLIST_FILE = YES;
				INFOPLIST_FILE = "Configuration/TubeTrackUK-Info.plist";
				INFOPLIST_KEY_CFBundleDisplayName = "TubeTrack UK";
				INFOPLIST_KEY_LSApplicationCategoryType = "public.app-category.travel";
				INFOPLIST_KEY_NSLocationWhenInUseUsageDescription = "Your location is used to show the three nearest stations.";
				INFOPLIST_KEY_NSSupportsLiveActivities = YES;
				INFOPLIST_KEY_NSSupportsLiveActivitiesFrequentUpdates = YES;
				INFOPLIST_KEY_UIApplicationSupportsIndirectInputEvents = YES;
				MARKETING_VERSION = 1.2;
				PRODUCT_BUNDLE_IDENTIFIER = dev.skynolimit.TubeTrackUK;
				PRODUCT_NAME = "$(TARGET_NAME)";
				SUPPORTED_PLATFORMS = "iphoneos iphonesimulator";
				SUPPORTS_MACCATALYST = NO;
				SWIFT_EMIT_LOC_STRINGS = YES;
				SWIFT_STRICT_CONCURRENCY = complete;
				SWIFT_VERSION = 6.0;
				TARGETED_DEVICE_FAMILY = 1;
			};
			name = Debug;
		};
		A1000000000000000000001A /* Release */ = {
			isa = XCBuildConfiguration;
			baseConfigurationReference = A10000000000000000000040 /* Shared.xcconfig */;
			buildSettings = {
				ASSETCATALOG_COMPILER_APPICON_NAME = AppIcon;
				ASSETCATALOG_COMPILER_GLOBAL_ACCENT_COLOR_NAME = AccentColor;
				CODE_SIGN_ENTITLEMENTS = TubeTrackUK/TubeTrackUK.entitlements;
				CODE_SIGN_STYLE = Automatic;
				CURRENT_PROJECT_VERSION = 7;
				DEVELOPMENT_TEAM = SJ8X4DLAN9;
				ENABLE_PREVIEWS = YES;
				EXCLUDED_SOURCE_FILE_NAMES = (
					"full-underground-reference-debug.png",
					"heathrow-reference-debug.png",
					"central-backbone-reference-debug.png",
					"central-completion-reference-debug.png",
					"central-core-join-reference-debug.png",
					"east-connector-reference-debug.png",
					"eastern-fan-reference-debug.png",
					"north-connector-reference-debug.png",
					"northwest-connector-reference-debug.png",
					"western-fan-reference-debug.png",
					"south-connector-reference-debug.png",
					"west-connector-reference-debug.png",
				);
				GENERATE_INFOPLIST_FILE = YES;
				INFOPLIST_FILE = "Configuration/TubeTrackUK-Info.plist";
				INFOPLIST_KEY_CFBundleDisplayName = "TubeTrack UK";
				INFOPLIST_KEY_LSApplicationCategoryType = "public.app-category.travel";
				INFOPLIST_KEY_NSLocationWhenInUseUsageDescription = "Your location is used to show the three nearest stations.";
				INFOPLIST_KEY_NSSupportsLiveActivities = YES;
				INFOPLIST_KEY_NSSupportsLiveActivitiesFrequentUpdates = YES;
				INFOPLIST_KEY_UIApplicationSupportsIndirectInputEvents = YES;
				MARKETING_VERSION = 1.2;
				PRODUCT_BUNDLE_IDENTIFIER = dev.skynolimit.TubeTrackUK;
				PRODUCT_NAME = "$(TARGET_NAME)";
				SUPPORTED_PLATFORMS = "iphoneos iphonesimulator";
				SUPPORTS_MACCATALYST = NO;
				SWIFT_EMIT_LOC_STRINGS = YES;
				SWIFT_STRICT_CONCURRENCY = complete;
				SWIFT_VERSION = 6.0;
				TARGETED_DEVICE_FAMILY = 1;
			};
			name = Release;
		};
		A10000000000000000000029 /* Debug */ = {
			isa = XCBuildConfiguration;
			buildSettings = {
				BUNDLE_LOADER = "$(TEST_HOST)";
				CODE_SIGN_STYLE = Automatic;
				GENERATE_INFOPLIST_FILE = YES;
				IPHONEOS_DEPLOYMENT_TARGET = 26.0;
				PRODUCT_BUNDLE_IDENTIFIER = dev.skynolimit.TubeTrackUKTests;
				PRODUCT_NAME = "$(TARGET_NAME)";
				SWIFT_STRICT_CONCURRENCY = complete;
				SWIFT_VERSION = 6.0;
				TARGETED_DEVICE_FAMILY = 1;
				TEST_HOST = "$(BUILT_PRODUCTS_DIR)/TubeTrackUK.app/$(BUNDLE_EXECUTABLE_FOLDER_PATH)/TubeTrackUK";
			};
			name = Debug;
		};
		A1000000000000000000002A /* Release */ = {
			isa = XCBuildConfiguration;
			buildSettings = {
				BUNDLE_LOADER = "$(TEST_HOST)";
				CODE_SIGN_STYLE = Automatic;
				GENERATE_INFOPLIST_FILE = YES;
				IPHONEOS_DEPLOYMENT_TARGET = 26.0;
				PRODUCT_BUNDLE_IDENTIFIER = dev.skynolimit.TubeTrackUKTests;
				PRODUCT_NAME = "$(TARGET_NAME)";
				SWIFT_STRICT_CONCURRENCY = complete;
				SWIFT_VERSION = 6.0;
				TARGETED_DEVICE_FAMILY = 1;
				TEST_HOST = "$(BUILT_PRODUCTS_DIR)/TubeTrackUK.app/$(BUNDLE_EXECUTABLE_FOLDER_PATH)/TubeTrackUK";
			};
			name = Release;
		};
		A1000000000000000000007B /* Debug */ = {
			isa = XCBuildConfiguration;
			baseConfigurationReference = A10000000000000000000040 /* Shared.xcconfig */;
			buildSettings = {
				CODE_SIGN_ENTITLEMENTS = TubeTrackWidgets/TubeTrackWidgets.entitlements;
				CODE_SIGN_STYLE = Automatic;
				CURRENT_PROJECT_VERSION = 1;
				DEVELOPMENT_TEAM = SJ8X4DLAN9;
				ENABLE_PREVIEWS = YES;
				GENERATE_INFOPLIST_FILE = YES;
				INFOPLIST_FILE = TubeTrackWidgets/Info.plist;
				INFOPLIST_KEY_CFBundleDisplayName = "TubeTrack UK";
				INFOPLIST_KEY_NSHumanReadableCopyright = "";
				LD_RUNPATH_SEARCH_PATHS = (
					"$(inherited)",
					"@executable_path/Frameworks",
					"@executable_path/../../Frameworks",
				);
				MARKETING_VERSION = 1.2;
				PRODUCT_BUNDLE_IDENTIFIER = dev.skynolimit.TubeTrackUK.Widgets;
				PRODUCT_NAME = "$(TARGET_NAME)";
				SKIP_INSTALL = YES;
				SUPPORTED_PLATFORMS = "iphoneos iphonesimulator";
				SUPPORTS_MACCATALYST = NO;
				SWIFT_EMIT_LOC_STRINGS = YES;
				SWIFT_STRICT_CONCURRENCY = complete;
				SWIFT_VERSION = 6.0;
				TARGETED_DEVICE_FAMILY = 1;
			};
			name = Debug;
		};
		A1000000000000000000007C /* Release */ = {
			isa = XCBuildConfiguration;
			baseConfigurationReference = A10000000000000000000040 /* Shared.xcconfig */;
			buildSettings = {
				CODE_SIGN_ENTITLEMENTS = TubeTrackWidgets/TubeTrackWidgets.entitlements;
				CODE_SIGN_STYLE = Automatic;
				CURRENT_PROJECT_VERSION = 1;
				DEVELOPMENT_TEAM = SJ8X4DLAN9;
				ENABLE_PREVIEWS = YES;
				GENERATE_INFOPLIST_FILE = YES;
				INFOPLIST_FILE = TubeTrackWidgets/Info.plist;
				INFOPLIST_KEY_CFBundleDisplayName = "TubeTrack UK";
				INFOPLIST_KEY_NSHumanReadableCopyright = "";
				LD_RUNPATH_SEARCH_PATHS = (
					"$(inherited)",
					"@executable_path/Frameworks",
					"@executable_path/../../Frameworks",
				);
				MARKETING_VERSION = 1.2;
				PRODUCT_BUNDLE_IDENTIFIER = dev.skynolimit.TubeTrackUK.Widgets;
				PRODUCT_NAME = "$(TARGET_NAME)";
				SKIP_INSTALL = YES;
				SUPPORTED_PLATFORMS = "iphoneos iphonesimulator";
				SUPPORTS_MACCATALYST = NO;
				SWIFT_EMIT_LOC_STRINGS = YES;
				SWIFT_STRICT_CONCURRENCY = complete;
				SWIFT_VERSION = 6.0;
				TARGETED_DEVICE_FAMILY = 1;
			};
			name = Release;
		};
		A100000000000000000000A0 /* Debug */ = {
			isa = XCBuildConfiguration;
			baseConfigurationReference = A10000000000000000000040 /* Shared.xcconfig */;
			buildSettings = {
				ASSETCATALOG_COMPILER_APPICON_NAME = AppIcon;
				CODE_SIGN_ENTITLEMENTS = TubeTrackWatch/TubeTrackWatch.entitlements;
				CODE_SIGN_STYLE = Automatic;
				CURRENT_PROJECT_VERSION = 1;
				DEVELOPMENT_TEAM = SJ8X4DLAN9;
				ENABLE_PREVIEWS = YES;
				GENERATE_INFOPLIST_FILE = YES;
				INFOPLIST_FILE = TubeTrackWatch/Info.plist;
				INFOPLIST_KEY_CFBundleDisplayName = "TubeTrack UK";
				INFOPLIST_KEY_CFBundleIconName = AppIcon;
				INFOPLIST_KEY_WKApplication = YES;
				MARKETING_VERSION = 1.2;
				PRODUCT_BUNDLE_IDENTIFIER = dev.skynolimit.TubeTrackUK.watchkitapp;
				PRODUCT_NAME = "$(TARGET_NAME)";
				SDKROOT = watchos;
				SKIP_INSTALL = YES;
				SUPPORTED_PLATFORMS = "watchos watchsimulator";
				SWIFT_EMIT_LOC_STRINGS = YES;
				SWIFT_STRICT_CONCURRENCY = complete;
				SWIFT_VERSION = 6.0;
				TARGETED_DEVICE_FAMILY = 4;
				WATCHOS_DEPLOYMENT_TARGET = 26.0;
			};
			name = Debug;
		};
		A100000000000000000000A1 /* Release */ = {
			isa = XCBuildConfiguration;
			baseConfigurationReference = A10000000000000000000040 /* Shared.xcconfig */;
			buildSettings = {
				ASSETCATALOG_COMPILER_APPICON_NAME = AppIcon;
				CODE_SIGN_ENTITLEMENTS = TubeTrackWatch/TubeTrackWatch.entitlements;
				CODE_SIGN_STYLE = Automatic;
				CURRENT_PROJECT_VERSION = 1;
				DEVELOPMENT_TEAM = SJ8X4DLAN9;
				ENABLE_PREVIEWS = YES;
				GENERATE_INFOPLIST_FILE = YES;
				INFOPLIST_FILE = TubeTrackWatch/Info.plist;
				INFOPLIST_KEY_CFBundleDisplayName = "TubeTrack UK";
				INFOPLIST_KEY_CFBundleIconName = AppIcon;
				INFOPLIST_KEY_WKApplication = YES;
				MARKETING_VERSION = 1.2;
				PRODUCT_BUNDLE_IDENTIFIER = dev.skynolimit.TubeTrackUK.watchkitapp;
				PRODUCT_NAME = "$(TARGET_NAME)";
				SDKROOT = watchos;
				SKIP_INSTALL = YES;
				SUPPORTED_PLATFORMS = "watchos watchsimulator";
				SWIFT_EMIT_LOC_STRINGS = YES;
				SWIFT_STRICT_CONCURRENCY = complete;
				SWIFT_VERSION = 6.0;
				TARGETED_DEVICE_FAMILY = 4;
				WATCHOS_DEPLOYMENT_TARGET = 26.0;
			};
			name = Release;
		};
		A100000000000000000000A2 /* Debug */ = {
			isa = XCBuildConfiguration;
			baseConfigurationReference = A10000000000000000000040 /* Shared.xcconfig */;
			buildSettings = {
				CODE_SIGN_ENTITLEMENTS = TubeTrackWatchWidgets/TubeTrackWatchWidgets.entitlements;
				CODE_SIGN_STYLE = Automatic;
				CURRENT_PROJECT_VERSION = 1;
				DEVELOPMENT_TEAM = SJ8X4DLAN9;
				ENABLE_PREVIEWS = YES;
				GENERATE_INFOPLIST_FILE = YES;
				INFOPLIST_FILE = TubeTrackWatchWidgets/Info.plist;
				INFOPLIST_KEY_CFBundleDisplayName = "TubeTrack UK";
				MARKETING_VERSION = 1.2;
				PRODUCT_BUNDLE_IDENTIFIER = dev.skynolimit.TubeTrackUK.watchkitapp.Widgets;
				PRODUCT_NAME = "$(TARGET_NAME)";
				SDKROOT = watchos;
				SKIP_INSTALL = YES;
				SUPPORTED_PLATFORMS = "watchos watchsimulator";
				SWIFT_EMIT_LOC_STRINGS = YES;
				SWIFT_STRICT_CONCURRENCY = complete;
				SWIFT_VERSION = 6.0;
				TARGETED_DEVICE_FAMILY = 4;
				WATCHOS_DEPLOYMENT_TARGET = 26.0;
			};
			name = Debug;
		};
		A100000000000000000000A3 /* Release */ = {
			isa = XCBuildConfiguration;
			baseConfigurationReference = A10000000000000000000040 /* Shared.xcconfig */;
			buildSettings = {
				CODE_SIGN_ENTITLEMENTS = TubeTrackWatchWidgets/TubeTrackWatchWidgets.entitlements;
				CODE_SIGN_STYLE = Automatic;
				CURRENT_PROJECT_VERSION = 1;
				DEVELOPMENT_TEAM = SJ8X4DLAN9;
				ENABLE_PREVIEWS = YES;
				GENERATE_INFOPLIST_FILE = YES;
				INFOPLIST_FILE = TubeTrackWatchWidgets/Info.plist;
				INFOPLIST_KEY_CFBundleDisplayName = "TubeTrack UK";
				MARKETING_VERSION = 1.2;
				PRODUCT_BUNDLE_IDENTIFIER = dev.skynolimit.TubeTrackUK.watchkitapp.Widgets;
				PRODUCT_NAME = "$(TARGET_NAME)";
				SDKROOT = watchos;
				SKIP_INSTALL = YES;
				SUPPORTED_PLATFORMS = "watchos watchsimulator";
				SWIFT_EMIT_LOC_STRINGS = YES;
				SWIFT_STRICT_CONCURRENCY = complete;
				SWIFT_VERSION = 6.0;
				TARGETED_DEVICE_FAMILY = 4;
				WATCHOS_DEPLOYMENT_TARGET = 26.0;
			};
			name = Release;
		};
/* End XCBuildConfiguration section */

/* Begin XCConfigurationList section */
		A10000000000000000000008 /* Build configuration list for PBXProject "TubeTrackUK" */ = {
			isa = XCConfigurationList;
			buildConfigurations = (
				A10000000000000000000009 /* Debug */,
				A1000000000000000000000A /* Release */,
			);
			defaultConfigurationIsVisible = 0;
			defaultConfigurationName = Release;
		};
		A10000000000000000000018 /* Build configuration list for PBXNativeTarget "TubeTrackUK" */ = {
			isa = XCConfigurationList;
			buildConfigurations = (
				A10000000000000000000019 /* Debug */,
				A1000000000000000000001A /* Release */,
			);
			defaultConfigurationIsVisible = 0;
			defaultConfigurationName = Release;
		};
		A10000000000000000000028 /* Build configuration list for PBXNativeTarget "TubeTrackUKTests" */ = {
			isa = XCConfigurationList;
			buildConfigurations = (
				A10000000000000000000029 /* Debug */,
				A1000000000000000000002A /* Release */,
			);
			defaultConfigurationIsVisible = 0;
			defaultConfigurationName = Release;
		};
		A1000000000000000000007A /* Build configuration list for PBXNativeTarget "TubeTrackWidgets" */ = {
			isa = XCConfigurationList;
			buildConfigurations = (
				A1000000000000000000007B /* Debug */,
				A1000000000000000000007C /* Release */,
			);
			defaultConfigurationIsVisible = 0;
			defaultConfigurationName = Release;
		};
		A10000000000000000000097 /* Build configuration list for PBXNativeTarget "TubeTrackWatch" */ = {
			isa = XCConfigurationList;
			buildConfigurations = (
				A100000000000000000000A0 /* Debug */,
				A100000000000000000000A1 /* Release */,
			);
			defaultConfigurationIsVisible = 0;
			defaultConfigurationName = Release;
		};
		A10000000000000000000098 /* Build configuration list for PBXNativeTarget "TubeTrackWatchWidgets" */ = {
			isa = XCConfigurationList;
			buildConfigurations = (
				A100000000000000000000A2 /* Debug */,
				A100000000000000000000A3 /* Release */,
			);
			defaultConfigurationIsVisible = 0;
			defaultConfigurationName = Release;
		};
/* End XCConfigurationList section */

/* Begin XCLocalSwiftPackageReference section */
		A10000000000000000000060 /* XCLocalSwiftPackageReference "TubeTrackCore" */ = {
			isa = XCLocalSwiftPackageReference;
			relativePath = TubeTrackCore;
		};
/* End XCLocalSwiftPackageReference section */

/* Begin XCSwiftPackageProductDependency section */
		A10000000000000000000061 /* TubeTrackCore */ = {
			isa = XCSwiftPackageProductDependency;
			productName = TubeTrackCore;
		};
		A10000000000000000000063 /* TubeTrackCore */ = {
			isa = XCSwiftPackageProductDependency;
			productName = TubeTrackCore;
		};
		A10000000000000000000065 /* TubeTrackCore */ = {
			isa = XCSwiftPackageProductDependency;
			productName = TubeTrackCore;
		};
		A100000000000000000000AE /* TubeTrackCore */ = {
			isa = XCSwiftPackageProductDependency;
			productName = TubeTrackCore;
		};
		A100000000000000000000AF /* TubeTrackCore */ = {
			isa = XCSwiftPackageProductDependency;
			productName = TubeTrackCore;
		};
/* End XCSwiftPackageProductDependency section */
	};
	rootObject = A10000000000000000000001 /* Project object */;
}
